
Microsoft Visual Studio Solution File, Format Version 12.00
# Visual Studio 15
VisualStudioVersion = 15.0.27428.2043
MinimumVisualStudioVersion = 10.0.40219.1
Project("{9A19103F-16F7-4668-BE54-9A1E7A4F7556}") = "TodoList.Api", "TodoList.Api\TodoList.Api.csproj", "{FF1651FB-CC4A-4212-8329-BD23D8FC4CF3}"
EndProject
Project("{FAE04EC0-301F-11D3-BF4B-00C04F79EFBC}") = "TodoList.Domain", "TodoList.Domain\TodoList.Domain.csproj", "{F63CA04B-E691-40FA-B9D0-227F9212C146}"
EndProject
Project("{FAE04EC0-301F-11D3-BF4B-00C04F79EFBC}") = "TodoList.Data", "TodoList.Repositories\TodoList.Data.csproj", "{524583AC-4350-4939-8F3B-96DB1A02888C}"
EndProject
Project("{FAE04EC0-301F-11D3-BF4B-00C04F79EFBC}") = "TodoList.Services", "TodoList.Services\TodoList.Services.csproj", "{30AE44F9-64E2-45CF-8D66-86C52DC1D889}"
EndProject
Global
	GlobalSection(SolutionConfigurationPlatforms) = preSolution
		Debug|Any CPU = Debug|Any CPU
		Release|Any CPU = Release|Any CPU
	EndGlobalSection
	GlobalSection(ProjectConfigurationPlatforms) = postSolution
		{FF1651FB-CC4A-4212-8329-BD23D8FC4CF3}.Debug|Any CPU.ActiveCfg = Debug|Any CPU
		{FF1651FB-CC4A-4212-8329-BD23D8FC4CF3}.Debug|Any CPU.Build.0 = Debug|Any CPU
		{FF1651FB-CC4A-4212-8329-BD23D8FC4CF3}.Release|Any CPU.ActiveCfg = Release|Any CPU
		{FF1651FB-CC4A-4212-8329-BD23D8FC4CF3}.Release|Any CPU.Build.0 = Release|Any CPU
		{F63CA04B-E691-40FA-B9D0-227F9212C146}.Debug|Any CPU.ActiveCfg = Debug|Any CPU
		{F63CA04B-E691-40FA-B9D0-227F9212C146}.Debug|Any CPU.Build.0 = Debug|Any CPU
		{F63CA04B-E691-40FA-B9D0-227F9212C146}.Release|Any CPU.ActiveCfg = Release|Any CPU
		{F63CA04B-E691-40FA-B9D0-227F9212C146}.Release|Any CPU.Build.0 = Release|Any CPU
		{524583AC-4350-4939-8F3B-96DB1A02888C}.Debug|Any CPU.ActiveCfg = Debug|Any CPU
		{524583AC-4350-4939-8F3B-96DB1A02888C}.Debug|Any CPU.Build.0 = Debug|Any CPU
		{524583AC-4350-4939-8F3B-96DB1A02888C}.Release|Any CPU.ActiveCfg = Release|Any CPU
		{524583AC-4350-4939-8F3B-96DB1A02888C}.Release|Any CPU.Build.0 = Release|Any CPU
		{30AE44F9-64E2-45CF-8D66-86C52DC1D889}.Debug|Any CPU.ActiveCfg = Debug|Any CPU
		{30AE44F9-64E2-45CF-8D66-86C52DC1D889}.Debug|Any CPU.Build.0 = Debug|Any CPU
		{30AE44F9-64E2-45CF-8D66-86C52DC1D889}.Release|Any CPU.ActiveCfg = Release|Any CPU
		{30AE44F9-64E2-45CF-8D66-86C52DC1D889}.Release|Any CPU.Build.0 = Release|Any CPU
	EndGlobalSection
	GlobalSection(SolutionProperties) = preSolution
		HideSolutionNode = FALSE
	EndGlobalSection
	GlobalSection(ExtensibilityGlobals) = postSolution
		SolutionGuid = {65B08315-1BD7-4470-B223-F86FF60B0430}
	EndGlobalSection
EndGlobal
